
Microsoft Visual Studio Solution File, Format Version 12.00
# Visual Studio Version 17
VisualStudioVersion = 17.0.31903.59
MinimumVisualStudioVersion = 10.0.40219.1
Project("{FAE04EC0-301F-11D3-BF4B-00C04F79EFBC}") = "Lab_1", "Lab_1\Lab_1.csproj", "{2C0D14B2-1805-47DE-805D-0821EC4591C5}"
EndProject
Project("{FAE04EC0-301F-11D3-BF4B-00C04F79EFBC}") = "Lab_1Test", "Lab_1Test\Lab_1Test.csproj", "{2729F739-56BD-405F-9817-F98FCC2635B3}"
EndProject
Global
	GlobalSection(SolutionConfigurationPlatforms) = preSolution
		Debug|Any CPU = Debug|Any CPU
		Release|Any CPU = Release|Any CPU
	EndGlobalSection
	GlobalSection(SolutionProperties) = preSolution
		HideSolutionNode = FALSE
	EndGlobalSection
	GlobalSection(ProjectConfigurationPlatforms) = postSolution
		{2C0D14B2-1805-47DE-805D-0821EC4591C5}.Debug|Any CPU.ActiveCfg = Debug|Any CPU
		{2C0D14B2-1805-47DE-805D-0821EC4591C5}.Debug|Any CPU.Build.0 = Debug|Any CPU
		{2C0D14B2-1805-47DE-805D-0821EC4591C5}.Release|Any CPU.ActiveCfg = Release|Any CPU
		{2C0D14B2-1805-47DE-805D-0821EC4591C5}.Release|Any CPU.Build.0 = Release|Any CPU
		{2729F739-56BD-405F-9817-F98FCC2635B3}.Debug|Any CPU.ActiveCfg = Debug|Any CPU
		{2729F739-56BD-405F-9817-F98FCC2635B3}.Debug|Any CPU.Build.0 = Debug|Any CPU
		{2729F739-56BD-405F-9817-F98FCC2635B3}.Release|Any CPU.ActiveCfg = Release|Any CPU
		{2729F739-56BD-405F-9817-F98FCC2635B3}.Release|Any CPU.Build.0 = Release|Any CPU
	EndGlobalSection
EndGlobal
