<wpf:ResourceDictionary xml:space="preserve" xmlns:x="http://schemas.microsoft.com/winfx/2006/xaml" xmlns:s="clr-namespace:System;assembly=mscorlib" xmlns:ss="urn:shemas-jetbrains-com:settings-storage-xaml" xmlns:wpf="http://schemas.microsoft.com/winfx/2006/xaml/presentation">
	<s:String x:Key="/Default/Environment/UnitTesting/UnitTestSessionStore/Sessions/=33388d98_002Df6cb_002D4ec6_002Dbf48_002D0cefef418df1/@EntryIndexedValue">&lt;SessionState ContinuousTestingMode="0" IsActive="True" Name="ProcessFigureOneCycleTest" xmlns="urn:schemas-jetbrains-com:jetbrains-ut-session"&gt;
  &lt;TestAncestor&gt;
    &lt;TestId&gt;NUnit3x::05790843-2356-4CF5-A5D9-14CB0DFC680B::net7.0::Lab_3Test.Tests.ProcessFigureOneCycleTestTwo&lt;/TestId&gt;
  &lt;/TestAncestor&gt;
&lt;/SessionState&gt;</s:String></wpf:ResourceDictionary>